github.com/weave-lab/puffin v0.0.0-20221017231602-09b0840fc815 h1:OCM2mHlfXpLGZufXKKoyK+xFy5Dtp/waeyPz3RhNFx8=
github.com/weave-lab/puffin v0.0.0-20221017231602-09b0840fc815/go.mod h1:BHuU0QrBXAXK+MPq/7I2IbM6j0wdkpaWqTWIrCKB3LI=
golang.org/x/exp v0.0.0-20221006183845-316c7553db56 h1:BrYbdKcCNjLyrN6aKqXy4hPw9qGI8IATkj4EWv9Q+kQ=
golang.org/x/exp v0.0.0-20221006183845-316c7553db56/go.mod h1:cyybsKvd6eL0RnXn6p/Grxp8F5bW7iYuBgsNCOHpMYE=
golang.org/x/exp v0.0.0-20221019170559-20944726eadf h1:nFVjjKDgNY37+ZSYCJmtYf7tOlfQswHqplG2eosjOMg=
golang.org/x/exp v0.0.0-20221019170559-20944726eadf/go.mod h1:cyybsKvd6eL0RnXn6p/Grxp8F5bW7iYuBgsNCOHpMYE=
golang.org/x/tools v0.2.0 h1:G6AHpWxTMGY1KyEYoAQ5WTtIekUUvDNjan3ugu60JvE=
golang.org/x/tools v0.2.0/go.mod h1:y4OqIKeOV/fWJetJ8bXPU1sEVniLMIyDAZWeHdV+NTA=
